PODS:
  - Keyframes (1.0.0)

DEPENDENCIES:
  - Keyframes (from `https://github.com/facebookincubator/Keyframes.git`, commit `07ce61ee388360258777eb3342c87ba6128584d0`)

EXTERNAL SOURCES:
  Keyframes:
    :commit: 07ce61ee388360258777eb3342c87ba6128584d0
    :git: https://github.com/facebookincubator/Keyframes.git

CHECKOUT OPTIONS:
  Keyframes:
    :commit: 07ce61ee388360258777eb3342c87ba6128584d0
    :git: https://github.com/facebookincubator/Keyframes.git

SPEC CHECKSUMS:
  Keyframes: 2048d8626d14ef726d1c5cffa0fa5c00f3d8f681

PODFILE CHECKSUM: c206ba1fb20b38365d35f2a5064330ff255ca084

COCOAPODS: 1.1.1
